
Microsoft Visual Studio Solution File, Format Version 12.00
# Visual Studio 14
VisualStudioVersion = 14.0.24720.0
MinimumVisualStudioVersion = 10.0.40219.1
Project("{2150E333-8FDC-42A3-9474-1A3956D46DE8}") = "src", "src", "{7A7C63FF-4796-4955-9B5D-0B623EC46E21}"
EndProject
Project("{2150E333-8FDC-42A3-9474-1A3956D46DE8}") = "Solution Items", "Solution Items", "{BD8AFFA7-56DF-483E-9ED3-BA900652EF74}"
	ProjectSection(SolutionItems) = preProject
		global.json = global.json
	EndProjectSection
EndProject
Project("{8BB2217D-0F2D-49D1-97BC-3654ED321F3B}") = "SunDapper", "src\SunDapper\SunDapper.xproj", "{20354C69-43DF-4CD8-8E3D-41C311727A82}"
EndProject
Global
	GlobalSection(SolutionConfigurationPlatforms) = preSolution
		Debug|Any CPU = Debug|Any CPU
		Release|Any CPU = Release|Any CPU
	EndGlobalSection
	GlobalSection(ProjectConfigurationPlatforms) = postSolution
		{20354C69-43DF-4CD8-8E3D-41C311727A82}.Debug|Any CPU.ActiveCfg = Debug|Any CPU
		{20354C69-43DF-4CD8-8E3D-41C311727A82}.Debug|Any CPU.Build.0 = Debug|Any CPU
		{20354C69-43DF-4CD8-8E3D-41C311727A82}.Release|Any CPU.ActiveCfg = Release|Any CPU
		{20354C69-43DF-4CD8-8E3D-41C311727A82}.Release|Any CPU.Build.0 = Release|Any CPU
	EndGlobalSection
	GlobalSection(SolutionProperties) = preSolution
		HideSolutionNode = FALSE
	EndGlobalSection
	GlobalSection(NestedProjects) = preSolution
		{20354C69-43DF-4CD8-8E3D-41C311727A82} = {7A7C63FF-4796-4955-9B5D-0B623EC46E21}
	EndGlobalSection
EndGlobal
